// !$*UTF8*$!
{
	archiveVersion = 1;
	classes = {
	};
	objectVersion = 50;
	objects = {

/* Begin PBXBuildFile section */
		330D6FAD2716671900615EB9 /* FavoriteButton.swift in Sources */ = {isa = PBXBuildFile; fileRef = 330D6FAC2716671900615EB9 /* FavoriteButton.swift */; };
		331B9067273CAEBE009BC59C /* HexagonParameters.swift in Sources */ = {isa = PBXBuildFile; fileRef = 331B9066273CAEBE009BC59C /* HexagonParameters.swift */; };
		331B9069273CAFCB009BC59C /* BadgeBackground.swift in Sources */ = {isa = PBXBuildFile; fileRef = 331B9068273CAFCB009BC59C /* BadgeBackground.swift */; };
		331B906B273CB22B009BC59C /* BadgeSymbol.swift in Sources */ = {isa = PBXBuildFile; fileRef = 331B906A273CB22B009BC59C /* BadgeSymbol.swift */; };
		331B906D273CB281009BC59C /* RotatedBadgeSymbol.swift in Sources */ = {isa = PBXBuildFile; fileRef = 331B906C273CB281009BC59C /* RotatedBadgeSymbol.swift */; };
		331B906F273CB2C4009BC59C /* Badge.swift in Sources */ = {isa = PBXBuildFile; fileRef = 331B906E273CB2C4009BC59C /* Badge.swift */; };
		332EDF2F2742BA82009CEB81 /* hikeData.json in Resources */ = {isa = PBXBuildFile; fileRef = 332EDF2E2742BA82009CEB81 /* hikeData.json */; };
		332EDF312742BADE009CEB81 /* Hike.swift in Sources */ = {isa = PBXBuildFile; fileRef = 332EDF302742BADE009CEB81 /* Hike.swift */; };
		332EDF372742BC8A009CEB81 /* GraphCapsule.swift in Sources */ = {isa = PBXBuildFile; fileRef = 332EDF332742BC8A009CEB81 /* GraphCapsule.swift */; };
		332EDF382742BC8A009CEB81 /* HikeGraph.swift in Sources */ = {isa = PBXBuildFile; fileRef = 332EDF342742BC8A009CEB81 /* HikeGraph.swift */; };
		332EDF392742BC8A009CEB81 /* HikeDetail.swift in Sources */ = {isa = PBXBuildFile; fileRef = 332EDF352742BC8A009CEB81 /* HikeDetail.swift */; };
		332EDF3A2742BC8A009CEB81 /* HikeView.swift in Sources */ = {isa = PBXBuildFile; fileRef = 332EDF362742BC8A009CEB81 /* HikeView.swift */; };
		3383E53727149B7A00B32363 /* landmarkData.json in Resources */ = {isa = PBXBuildFile; fileRef = 3383E53627149B7A00B32363 /* landmarkData.json */; };
		3383E53C27149B9D00B32363 /* Landmark.swift in Sources */ = {isa = PBXBuildFile; fileRef = 3383E53B27149B9D00B32363 /* Landmark.swift */; };
		3383E54127149E0400B32363 /* ModelData.swift in Sources */ = {isa = PBXBuildFile; fileRef = 3383E54027149E0400B32363 /* ModelData.swift */; };
		3383E54C27149F8200B32363 /* LandmarkRow.swift in Sources */ = {isa = PBXBuildFile; fileRef = 3383E54B27149F8200B32363 /* LandmarkRow.swift */; };
		3383E5542714A15F00B32363 /* LandmarkList.swift in Sources */ = {isa = PBXBuildFile; fileRef = 3383E5532714A15F00B32363 /* LandmarkList.swift */; };
		33ACA07C271461EA00992CFE /* LandmarksApp.swift in Sources */ = {isa = PBXBuildFile; fileRef = 33ACA07B271461EA00992CFE /* LandmarksApp.swift */; };
		33ACA07E271461EA00992CFE /* ContentView.swift in Sources */ = {isa = PBXBuildFile; fileRef = 33ACA07D271461EA00992CFE /* ContentView.swift */; };
		33ACA080271461EB00992CFE /* Assets.xcassets in Resources */ = {isa = PBXBuildFile; fileRef = 33ACA07F271461EB00992CFE /* Assets.xcassets */; };
		33ACA083271461EB00992CFE /* Preview Assets.xcassets in Resources */ = {isa = PBXBuildFile; fileRef = 33ACA082271461EB00992CFE /* Preview Assets.xcassets */; };
		33ACA08E271461EB00992CFE /* LandmarksTests.swift in Sources */ = {isa = PBXBuildFile; fileRef = 33ACA08D271461EB00992CFE /* LandmarksTests.swift */; };
		33ACA099271461EB00992CFE /* LandmarksUITests.swift in Sources */ = {isa = PBXBuildFile; fileRef = 33ACA098271461EB00992CFE /* LandmarksUITests.swift */; };
		33ACA0B2271466DC00992CFE /* CircleImage.swift in Sources */ = {isa = PBXBuildFile; fileRef = 33ACA0B1271466DC00992CFE /* CircleImage.swift */; };
		33ACA0B7271467A800992CFE /* MapView.swift in Sources */ = {isa = PBXBuildFile; fileRef = 33ACA0B6271467A800992CFE /* MapView.swift */; };
		33EFED132715B55300420BA4 /* LandmarkDetail.swift in Sources */ = {isa = PBXBuildFile; fileRef = 33EFED122715B55300420BA4 /* LandmarkDetail.swift */; };
/* End PBXBuildFile section */

/* Begin PBXContainerItemProxy section */
		33ACA08A271461EB00992CFE /* PBXContainerItemProxy */ = {
			isa = PBXContainerItemProxy;
			containerPortal = 33ACA070271461EA00992CFE /* Project object */;
			proxyType = 1;
			remoteGlobalIDString = 33ACA077271461EA00992CFE;
			remoteInfo = Landmarks;
		};
		33ACA095271461EB00992CFE /* PBXContainerItemProxy */ = {
			isa = PBXContainerItemProxy;
			containerPortal = 33ACA070271461EA00992CFE /* Project object */;
			proxyType = 1;
			remoteGlobalIDString = 33ACA077271461EA00992CFE;
			remoteInfo = Landmarks;
		};
/* End PBXContainerItemProxy section */

/* Begin PBXFileReference section */
		330D6FAC2716671900615EB9 /* FavoriteButton.swift */ = {isa = PBXFileReference; lastKnownFileType = sourcecode.swift; path = FavoriteButton.swift; sourceTree = "<group>"; };
		331B9066273CAEBE009BC59C /* HexagonParameters.swift */ = {isa = PBXFileReference; lastKnownFileType = sourcecode.swift; path = HexagonParameters.swift; sourceTree = "<group>"; };
		331B9068273CAFCB009BC59C /* BadgeBackground.swift */ = {isa = PBXFileReference; lastKnownFileType = sourcecode.swift; path = BadgeBackground.swift; sourceTree = "<group>"; };
		331B906A273CB22B009BC59C /* BadgeSymbol.swift */ = {isa = PBXFileReference; lastKnownFileType = sourcecode.swift; path = BadgeSymbol.swift; sourceTree = "<group>"; };
		331B906C273CB281009BC59C /* RotatedBadgeSymbol.swift */ = {isa = PBXFileReference; lastKnownFileType = sourcecode.swift; path = RotatedBadgeSymbol.swift; sourceTree = "<group>"; };
		331B906E273CB2C4009BC59C /* Badge.swift */ = {isa = PBXFileReference; lastKnownFileType = sourcecode.swift; path = Badge.swift; sourceTree = "<group>"; };
		332EDF2E2742BA82009CEB81 /* hikeData.json */ = {isa = PBXFileReference; fileEncoding = 4; lastKnownFileType = text.json; path = hikeData.json; sourceTree = "<group>"; };
		332EDF302742BADE009CEB81 /* Hike.swift */ = {isa = PBXFileReference; lastKnownFileType = sourcecode.swift; path = Hike.swift; sourceTree = "<group>"; };
		332EDF332742BC8A009CEB81 /* GraphCapsule.swift */ = {isa = PBXFileReference; fileEncoding = 4; lastKnownFileType = sourcecode.swift; path = GraphCapsule.swift; sourceTree = "<group>"; };
		332EDF342742BC8A009CEB81 /* HikeGraph.swift */ = {isa = PBXFileReference; fileEncoding = 4; lastKnownFileType = sourcecode.swift; path = HikeGraph.swift; sourceTree = "<group>"; };
		332EDF352742BC8A009CEB81 /* HikeDetail.swift */ = {isa = PBXFileReference; fileEncoding = 4; lastKnownFileType = sourcecode.swift; path = HikeDetail.swift; sourceTree = "<group>"; };
		332EDF362742BC8A009CEB81 /* HikeView.swift */ = {isa = PBXFileReference; fileEncoding = 4; lastKnownFileType = sourcecode.swift; path = HikeView.swift; sourceTree = "<group>"; };
		3383E53627149B7A00B32363 /* landmarkData.json */ = {isa = PBXFileReference; fileEncoding = 4; lastKnownFileType = text.json; path = landmarkData.json; sourceTree = "<group>"; };
		3383E53B27149B9D00B32363 /* Landmark.swift */ = {isa = PBXFileReference; lastKnownFileType = sourcecode.swift; path = Landmark.swift; sourceTree = "<group>"; };
		3383E54027149E0400B32363 /* ModelData.swift */ = {isa = PBXFileReference; lastKnownFileType = sourcecode.swift; path = ModelData.swift; sourceTree = "<group>"; };
		3383E54B27149F8200B32363 /* LandmarkRow.swift */ = {isa = PBXFileReference; lastKnownFileType = sourcecode.swift; path = LandmarkRow.swift; sourceTree = "<group>"; };
		3383E5532714A15F00B32363 /* LandmarkList.swift */ = {isa = PBXFileReference; lastKnownFileType = sourcecode.swift; path = LandmarkList.swift; sourceTree = "<group>"; };
		33ACA078271461EA00992CFE /* Landmarks.app */ = {isa = PBXFileReference; explicitFileType = wrapper.application; includeInIndex = 0; path = Landmarks.app; sourceTree = BUILT_PRODUCTS_DIR; };
		33ACA07B271461EA00992CFE /* LandmarksApp.swift */ = {isa = PBXFileReference; lastKnownFileType = sourcecode.swift; path = LandmarksApp.swift; sourceTree = "<group>"; };
		33ACA07D271461EA00992CFE /* ContentView.swift */ = {isa = PBXFileReference; lastKnownFileType = sourcecode.swift; path = ContentView.swift; sourceTree = "<group>"; };
		33ACA07F271461EB00992CFE /* Assets.xcassets */ = {isa = PBXFileReference; lastKnownFileType = folder.assetcatalog; path = Assets.xcassets; sourceTree = "<group>"; };
		33ACA082271461EB00992CFE /* Preview Assets.xcassets */ = {isa = PBXFileReference; lastKnownFileType = folder.assetcatalog; path = "Preview Assets.xcassets"; sourceTree = "<group>"; };
		33ACA084271461EB00992CFE /* Info.plist */ = {isa = PBXFileReference; lastKnownFileType = text.plist.xml; path = Info.plist; sourceTree = "<group>"; };
		33ACA089271461EB00992CFE /* LandmarksTests.xctest */ = {isa = PBXFileReference; explicitFileType = wrapper.cfbundle; includeInIndex = 0; path = LandmarksTests.xctest; sourceTree = BUILT_PRODUCTS_DIR; };
		33ACA08D271461EB00992CFE /* LandmarksTests.swift */ = {isa = PBXFileReference; lastKnownFileType = sourcecode.swift; path = LandmarksTests.swift; sourceTree = "<group>"; };
		33ACA08F271461EB00992CFE /* Info.plist */ = {isa = PBXFileReference; lastKnownFileType = text.plist.xml; path = Info.plist; sourceTree = "<group>"; };
		33ACA094271461EB00992CFE /* LandmarksUITests.xctest */ = {isa = PBXFileReference; explicitFileType = wrapper.cfbundle; includeInIndex = 0; path = LandmarksUITests.xctest; sourceTree = BUILT_PRODUCTS_DIR; };
		33ACA098271461EB00992CFE /* LandmarksUITests.swift */ = {isa = PBXFileReference; lastKnownFileType = sourcecode.swift; path = LandmarksUITests.swift; sourceTree = "<group>"; };
		33ACA09A271461EB00992CFE /* Info.plist */ = {isa = PBXFileReference; lastKnownFileType = text.plist.xml; path = Info.plist; sourceTree = "<group>"; };
		33ACA0B1271466DC00992CFE /* CircleImage.swift */ = {isa = PBXFileReference; lastKnownFileType = sourcecode.swift; path = CircleImage.swift; sourceTree = "<group>"; };
		33ACA0B6271467A800992CFE /* MapView.swift */ = {isa = PBXFileReference; lastKnownFileType = sourcecode.swift; path = MapView.swift; sourceTree = "<group>"; };
		33EFED122715B55300420BA4 /* LandmarkDetail.swift */ = {isa = PBXFileReference; lastKnownFileType = sourcecode.swift; path = LandmarkDetail.swift; sourceTree = "<group>"; };
/* End PBXFileReference section */

/* Begin PBXFrameworksBuildPhase section */
		33ACA075271461EA00992CFE /* Frameworks */ = {
			isa = PBXFrameworksBuildPhase;
			buildActionMask = 2147483647;
			files = (
			);
			runOnlyForDeploymentPostprocessing = 0;
		};
		33ACA086271461EB00992CFE /* Frameworks */ = {
			isa = PBXFrameworksBuildPhase;
			buildActionMask = 2147483647;
			files = (
			);
			runOnlyForDeploymentPostprocessing = 0;
		};
		33ACA091271461EB00992CFE /* Frameworks */ = {
			isa = PBXFrameworksBuildPhase;
			buildActionMask = 2147483647;
			files = (
			);
			runOnlyForDeploymentPostprocessing = 0;
		};
/* End PBXFrameworksBuildPhase section */

/* Begin PBXGroup section */
		331B9070273CB302009BC59C /* Badges */ = {
			isa = PBXGroup;
			children = (
				331B9066273CAEBE009BC59C /* HexagonParameters.swift */,
				331B9068273CAFCB009BC59C /* BadgeBackground.swift */,
				331B906A273CB22B009BC59C /* BadgeSymbol.swift */,
				331B906C273CB281009BC59C /* RotatedBadgeSymbol.swift */,
				331B906E273CB2C4009BC59C /* Badge.swift */,
			);
			path = Badges;
			sourceTree = "<group>";
		};
		332EDF322742BC8A009CEB81 /* Hikes */ = {
			isa = PBXGroup;
			children = (
				332EDF332742BC8A009CEB81 /* GraphCapsule.swift */,
				332EDF342742BC8A009CEB81 /* HikeGraph.swift */,
				332EDF352742BC8A009CEB81 /* HikeDetail.swift */,
				332EDF362742BC8A009CEB81 /* HikeView.swift */,
			);
			path = Hikes;
			sourceTree = "<group>";
		};
		3383E54527149E6B00B32363 /* Resources */ = {
			isa = PBXGroup;
			children = (
				332EDF322742BC8A009CEB81 /* Hikes */,
				332EDF2E2742BA82009CEB81 /* hikeData.json */,
				3383E53627149B7A00B32363 /* landmarkData.json */,
			);
			path = Resources;
			sourceTree = "<group>";
		};
		3383E54627149E7B00B32363 /* Model */ = {
			isa = PBXGroup;
			children = (
				3383E53B27149B9D00B32363 /* Landmark.swift */,
				3383E54027149E0400B32363 /* ModelData.swift */,
			);
			path = Model;
			sourceTree = "<group>";
		};
		3383E54727149E9900B32363 /* Views */ = {
			isa = PBXGroup;
			children = (
				33ACA07D271461EA00992CFE /* ContentView.swift */,
				3383E54B27149F8200B32363 /* LandmarkRow.swift */,
				3383E5532714A15F00B32363 /* LandmarkList.swift */,
				330D6FAC2716671900615EB9 /* FavoriteButton.swift */,
				33EFED122715B55300420BA4 /* LandmarkDetail.swift */,
				33ACA0B1271466DC00992CFE /* CircleImage.swift */,
				33ACA0B6271467A800992CFE /* MapView.swift */,
			);
			path = Views;
			sourceTree = "<group>";
		};
		33ACA06F271461EA00992CFE = {
			isa = PBXGroup;
			children = (
				332EDF302742BADE009CEB81 /* Hike.swift */,
				331B9070273CB302009BC59C /* Badges */,
				33ACA07A271461EA00992CFE /* Landmarks */,
				33ACA08C271461EB00992CFE /* LandmarksTests */,
				33ACA097271461EB00992CFE /* LandmarksUITests */,
				33ACA079271461EA00992CFE /* Products */,
			);
			sourceTree = "<group>";
		};
		33ACA079271461EA00992CFE /* Products */ = {
			isa = PBXGroup;
			children = (
				33ACA078271461EA00992CFE /* Landmarks.app */,
				33ACA089271461EB00992CFE /* LandmarksTests.xctest */,
				33ACA094271461EB00992CFE /* LandmarksUITests.xctest */,
			);
			name = Products;
			sourceTree = "<group>";
		};
		33ACA07A271461EA00992CFE /* Landmarks */ = {
			isa = PBXGroup;
			children = (
				33ACA07B271461EA00992CFE /* LandmarksApp.swift */,
				33ACA07F271461EB00992CFE /* Assets.xcassets */,
				3383E54727149E9900B32363 /* Views */,
				3383E54627149E7B00B32363 /* Model */,
				3383E54527149E6B00B32363 /* Resources */,
				33ACA084271461EB00992CFE /* Info.plist */,
				33ACA081271461EB00992CFE /* Preview Content */,
			);
			path = Landmarks;
			sourceTree = "<group>";
		};
		33ACA081271461EB00992CFE /* Preview Content */ = {
			isa = PBXGroup;
			children = (
				33ACA082271461EB00992CFE /* Preview Assets.xcassets */,
			);
			path = "Preview Content";
			sourceTree = "<group>";
		};
		33ACA08C271461EB00992CFE /* LandmarksTests */ = {
			isa = PBXGroup;
			children = (
				33ACA08D271461EB00992CFE /* LandmarksTests.swift */,
				33ACA08F271461EB00992CFE /* Info.plist */,
			);
			path = LandmarksTests;
			sourceTree = "<group>";
		};
		33ACA097271461EB00992CFE /* LandmarksUITests */ = {
			isa = PBXGroup;
			children = (
				33ACA098271461EB00992CFE /* LandmarksUITests.swift */,
				33ACA09A271461EB00992CFE /* Info.plist */,
			);
			path = LandmarksUITests;
			sourceTree = "<group>";
		};
/* End PBXGroup section */

/* Begin PBXNativeTarget section */
		33ACA077271461EA00992CFE /* Landmarks */ = {
			isa = PBXNativeTarget;
			buildConfigurationList = 33ACA09D271461EB00992CFE /* Build configuration list for PBXNativeTarget "Landmarks" */;
			buildPhases = (
				33ACA074271461EA00992CFE /* Sources */,
				33ACA075271461EA00992CFE /* Frameworks */,
				33ACA076271461EA00992CFE /* Resources */,
			);
			buildRules = (
			);
			dependencies = (
			);
			name = Landmarks;
			productName = Landmarks;
			productReference = 33ACA078271461EA00992CFE /* Landmarks.app */;
			productType = "com.apple.product-type.application";
		};
		33ACA088271461EB00992CFE /* LandmarksTests */ = {
			isa = PBXNativeTarget;
			buildConfigurationList = 33ACA0A0271461EB00992CFE /* Build configuration list for PBXNativeTarget "LandmarksTests" */;
			buildPhases = (
				33ACA085271461EB00992CFE /* Sources */,
				33ACA086271461EB00992CFE /* Frameworks */,
				33ACA087271461EB00992CFE /* Resources */,
			);
			buildRules = (
			);
			dependencies = (
				33ACA08B271461EB00992CFE /* PBXTargetDependency */,
			);
			name = LandmarksTests;
			productName = LandmarksTests;
			productReference = 33ACA089271461EB00992CFE /* LandmarksTests.xctest */;
			productType = "com.apple.product-type.bundle.unit-test";
		};
		33ACA093271461EB00992CFE /* LandmarksUITests */ = {
			isa = PBXNativeTarget;
			buildConfigurationList = 33ACA0A3271461EB00992CFE /* Build configuration list for PBXNativeTarget "LandmarksUITests" */;
			buildPhases = (
				33ACA090271461EB00992CFE /* Sources */,
				33ACA091271461EB00992CFE /* Frameworks */,
				33ACA092271461EB00992CFE /* Resources */,
			);
			buildRules = (
			);
			dependencies = (
				33ACA096271461EB00992CFE /* PBXTargetDependency */,
			);
			name = LandmarksUITests;
			productName = LandmarksUITests;
			productReference = 33ACA094271461EB00992CFE /* LandmarksUITests.xctest */;
			productType = "com.apple.product-type.bundle.ui-testing";
		};
/* End PBXNativeTarget section */

/* Begin PBXProject section */
		33ACA070271461EA00992CFE /* Project object */ = {
			isa = PBXProject;
			attributes = {
				LastSwiftUpdateCheck = 1230;
				LastUpgradeCheck = 1230;
				TargetAttributes = {
					33ACA077271461EA00992CFE = {
						CreatedOnToolsVersion = 12.3;
					};
					33ACA088271461EB00992CFE = {
						CreatedOnToolsVersion = 12.3;
						TestTargetID = 33ACA077271461EA00992CFE;
					};
					33ACA093271461EB00992CFE = {
						CreatedOnToolsVersion = 12.3;
						TestTargetID = 33ACA077271461EA00992CFE;
					};
				};
			};
			buildConfigurationList = 33ACA073271461EA00992CFE /* Build configuration list for PBXProject "Landmarks" */;
			compatibilityVersion = "Xcode 9.3";
			developmentRegion = en;
			hasScannedForEncodings = 0;
			knownRegions = (
				en,
				Base,
			);
			mainGroup = 33ACA06F271461EA00992CFE;
			productRefGroup = 33ACA079271461EA00992CFE /* Products */;
			projectDirPath = "";
			projectRoot = "";
			targets = (
				33ACA077271461EA00992CFE /* Landmarks */,
				33ACA088271461EB00992CFE /* LandmarksTests */,
				33ACA093271461EB00992CFE /* LandmarksUITests */,
			);
		};
/* End PBXProject section */

/* Begin PBXResourcesBuildPhase section */
		33ACA076271461EA00992CFE /* Resources */ = {
			isa = PBXResourcesBuildPhase;
			buildActionMask = 2147483647;
			files = (
				332EDF2F2742BA82009CEB81 /* hikeData.json in Resources */,
				33ACA083271461EB00992CFE /* Preview Assets.xcassets in Resources */,
				33ACA080271461EB00992CFE /* Assets.xcassets in Resources */,
				3383E53727149B7A00B32363 /* landmarkData.json in Resources */,
			);
			runOnlyForDeploymentPostprocessing = 0;
		};
		33ACA087271461EB00992CFE /* Resources */ = {
			isa = PBXResourcesBuildPhase;
			buildActionMask = 2147483647;
			files = (
			);
			runOnlyForDeploymentPostprocessing = 0;
		};
		33ACA092271461EB00992CFE /* Resources */ = {
			isa = PBXResourcesBuildPhase;
			buildActionMask = 2147483647;
			files = (
			);
			runOnlyForDeploymentPostprocessing = 0;
		};
/* End PBXResourcesBuildPhase section */

/* Begin PBXSourcesBuildPhase section */
		33ACA074271461EA00992CFE /* Sources */ = {
			isa = PBXSourcesBuildPhase;
			buildActionMask = 2147483647;
			files = (
				33ACA07E271461EA00992CFE /* ContentView.swift in Sources */,
				332EDF382742BC8A009CEB81 /* HikeGraph.swift in Sources */,
				331B906F273CB2C4009BC59C /* Badge.swift in Sources */,
				3383E54C27149F8200B32363 /* LandmarkRow.swift in Sources */,
				332EDF372742BC8A009CEB81 /* GraphCapsule.swift in Sources */,
				33ACA0B7271467A800992CFE /* MapView.swift in Sources */,
				330D6FAD2716671900615EB9 /* FavoriteButton.swift in Sources */,
				332EDF392742BC8A009CEB81 /* HikeDetail.swift in Sources */,
				331B9067273CAEBE009BC59C /* HexagonParameters.swift in Sources */,
				332EDF312742BADE009CEB81 /* Hike.swift in Sources */,
				331B906D273CB281009BC59C /* RotatedBadgeSymbol.swift in Sources */,
				331B906B273CB22B009BC59C /* BadgeSymbol.swift in Sources */,
				3383E5542714A15F00B32363 /* LandmarkList.swift in Sources */,
				332EDF3A2742BC8A009CEB81 /* HikeView.swift in Sources */,
				33EFED132715B55300420BA4 /* LandmarkDetail.swift in Sources */,
				331B9069273CAFCB009BC59C /* BadgeBackground.swift in Sources */,
				33ACA07C271461EA00992CFE /* LandmarksApp.swift in Sources */,
				33ACA0B2271466DC00992CFE /* CircleImage.swift in Sources */,
				3383E53C27149B9D00B32363 /* Landmark.swift in Sources */,
				3383E54127149E0400B32363 /* ModelData.swift in Sources */,
			);
			runOnlyForDeploymentPostprocessing = 0;
		};
		33ACA085271461EB00992CFE /* Sources */ = {
			isa = PBXSourcesBuildPhase;
			buildActionMask = 2147483647;
			files = (
				33ACA08E271461EB00992CFE /* LandmarksTests.swift in Sources */,
			);
			runOnlyForDeploymentPostprocessing = 0;
		};
		33ACA090271461EB00992CFE /* Sources */ = {
			isa = PBXSourcesBuildPhase;
			buildActionMask = 2147483647;
			files = (
				33ACA099271461EB00992CFE /* LandmarksUITests.swift in Sources */,
			);
			runOnlyForDeploymentPostprocessing = 0;
		};
/* End PBXSourcesBuildPhase section */

/* Begin PBXTargetDependency section */
		33ACA08B271461EB00992CFE /* PBXTargetDependency */ = {
			isa = PBXTargetDependency;
			target = 33ACA077271461EA00992CFE /* Landmarks */;
			targetProxy = 33ACA08A271461EB00992CFE /* PBXContainerItemProxy */;
		};
		33ACA096271461EB00992CFE /* PBXTargetDependency */ = {
			isa = PBXTargetDependency;
			target = 33ACA077271461EA00992CFE /* Landmarks */;
			targetProxy = 33ACA095271461EB00992CFE /* PBXContainerItemProxy */;
		};
/* End PBXTargetDependency section */

/* Begin XCBuildConfiguration section */
		33ACA09B271461EB00992CFE /* Debug */ = {
			isa = XCBuildConfiguration;
			buildSettings = {
				ALWAYS_SEARCH_USER_PATHS = NO;
				CLANG_ANALYZER_NONNULL = YES;
				CLANG_ANALYZER_NUMBER_OBJECT_CONVERSION = YES_AGGRESSIVE;
				CLANG_CXX_LANGUAGE_STANDARD = "gnu++14";
				CLANG_CXX_LIBRARY = "libc++";
				CLANG_ENABLE_MODULES = YES;
				CLANG_ENABLE_OBJC_ARC = YES;
				CLANG_ENABLE_OBJC_WEAK = YES;
				CLANG_WARN_BLOCK_CAPTURE_AUTORELEASING = YES;
				CLANG_WARN_BOOL_CONVERSION = YES;
				CLANG_WARN_COMMA = YES;
				CLANG_WARN_CONSTANT_CONVERSION = YES;
				CLANG_WARN_DEPRECATED_OBJC_IMPLEMENTATIONS = YES;
				CLANG_WARN_DIRECT_OBJC_ISA_USAGE = YES_ERROR;
				CLANG_WARN_DOCUMENTATION_COMMENTS = YES;
				CLANG_WARN_EMPTY_BODY = YES;
				CLANG_WARN_ENUM_CONVERSION = YES;
				CLANG_WARN_INFINITE_RECURSION = YES;
				CLANG_WARN_INT_CONVERSION = YES;
				CLANG_WARN_NON_LITERAL_NULL_CONVERSION = YES;
				CLANG_WARN_OBJC_IMPLICIT_RETAIN_SELF = YES;
				CLANG_WARN_OBJC_LITERAL_CONVERSION = YES;
				CLANG_WARN_OBJC_ROOT_CLASS = YES_ERROR;
				CLANG_WARN_QUOTED_INCLUDE_IN_FRAMEWORK_HEADER = YES;
				CLANG_WARN_RANGE_LOOP_ANALYSIS = YES;
				CLANG_WARN_STRICT_PROTOTYPES = YES;
				CLANG_WARN_SUSPICIOUS_MOVE = YES;
				CLANG_WARN_UNGUARDED_AVAILABILITY = YES_AGGRESSIVE;
				CLANG_WARN_UNREACHABLE_CODE = YES;
				CLANG_WARN__DUPLICATE_METHOD_MATCH = YES;
				COPY_PHASE_STRIP = NO;
				DEBUG_INFORMATION_FORMAT = dwarf;
				ENABLE_STRICT_OBJC_MSGSEND = YES;
				ENABLE_TESTABILITY = YES;
				GCC_C_LANGUAGE_STANDARD = gnu11;
				GCC_DYNAMIC_NO_PIC = NO;
				GCC_NO_COMMON_BLOCKS = YES;
				GCC_OPTIMIZATION_LEVEL = 0;
				GCC_PREPROCESSOR_DEFINITIONS = (
					"DEBUG=1",
					"$(inherited)",
				);
				GCC_WARN_64_TO_32_BIT_CONVERSION = YES;
				GCC_WARN_ABOUT_RETURN_TYPE = YES_ERROR;
				GCC_WARN_UNDECLARED_SELECTOR = YES;
				GCC_WARN_UNINITIALIZED_AUTOS = YES_AGGRESSIVE;
				GCC_WARN_UNUSED_FUNCTION = YES;
				GCC_WARN_UNUSED_VARIABLE = YES;
				IPHONEOS_DEPLOYMENT_TARGET = 14.3;
				MTL_ENABLE_DEBUG_INFO = INCLUDE_SOURCE;
				MTL_FAST_MATH = YES;
				ONLY_ACTIVE_ARCH = YES;
				SDKROOT = iphoneos;
				SWIFT_ACTIVE_COMPILATION_CONDITIONS = DEBUG;
				SWIFT_OPTIMIZATION_LEVEL = "-Onone";
			};
			name = Debug;
		};
		33ACA09C271461EB00992CFE /* Release */ = {
			isa = XCBuildConfiguration;
			buildSettings = {
				ALWAYS_SEARCH_USER_PATHS = NO;
				CLANG_ANALYZER_NONNULL = YES;
				CLANG_ANALYZER_NUMBER_OBJECT_CONVERSION = YES_AGGRESSIVE;
				CLANG_CXX_LANGUAGE_STANDARD = "gnu++14";
				CLANG_CXX_LIBRARY = "libc++";
				CLANG_ENABLE_MODULES = YES;
				CLANG_ENABLE_OBJC_ARC = YES;
				CLANG_ENABLE_OBJC_WEAK = YES;
				CLANG_WARN_BLOCK_CAPTURE_AUTORELEASING = YES;
				CLANG_WARN_BOOL_CONVERSION = YES;
				CLANG_WARN_COMMA = YES;
				CLANG_WARN_CONSTANT_CONVERSION = YES;
				CLANG_WARN_DEPRECATED_OBJC_IMPLEMENTATIONS = YES;
				CLANG_WARN_DIRECT_OBJC_ISA_USAGE = YES_ERROR;
				CLANG_WARN_DOCUMENTATION_COMMENTS = YES;
				CLANG_WARN_EMPTY_BODY = YES;
				CLANG_WARN_ENUM_CONVERSION = YES;
				CLANG_WARN_INFINITE_RECURSION = YES;
				CLANG_WARN_INT_CONVERSION = YES;
				CLANG_WARN_NON_LITERAL_NULL_CONVERSION = YES;
				CLANG_WARN_OBJC_IMPLICIT_RETAIN_SELF = YES;
				CLANG_WARN_OBJC_LITERAL_CONVERSION = YES;
				CLANG_WARN_OBJC_ROOT_CLASS = YES_ERROR;
				CLANG_WARN_QUOTED_INCLUDE_IN_FRAMEWORK_HEADER = YES;
				CLANG_WARN_RANGE_LOOP_ANALYSIS = YES;
				CLANG_WARN_STRICT_PROTOTYPES = YES;
				CLANG_WARN_SUSPICIOUS_MOVE = YES;
				CLANG_WARN_UNGUARDED_AVAILABILITY = YES_AGGRESSIVE;
				CLANG_WARN_UNREACHABLE_CODE = YES;
				CLANG_WARN__DUPLICATE_METHOD_MATCH = YES;
				COPY_PHASE_STRIP = NO;
				DEBUG_INFORMATION_FORMAT = "dwarf-with-dsym";
				ENABLE_NS_ASSERTIONS = NO;
				ENABLE_STRICT_OBJC_MSGSEND = YES;
				GCC_C_LANGUAGE_STANDARD = gnu11;
				GCC_NO_COMMON_BLOCKS = YES;
				GCC_WARN_64_TO_32_BIT_CONVERSION = YES;
				GCC_WARN_ABOUT_RETURN_TYPE = YES_ERROR;
				GCC_WARN_UNDECLARED_SELECTOR = YES;
				GCC_WARN_UNINITIALIZED_AUTOS = YES_AGGRESSIVE;
				GCC_WARN_UNUSED_FUNCTION = YES;
				GCC_WARN_UNUSED_VARIABLE = YES;
				IPHONEOS_DEPLOYMENT_TARGET = 14.3;
				MTL_ENABLE_DEBUG_INFO = NO;
				MTL_FAST_MATH = YES;
				SDKROOT = iphoneos;
				SWIFT_COMPILATION_MODE = wholemodule;
				SWIFT_OPTIMIZATION_LEVEL = "-O";
				VALIDATE_PRODUCT = YES;
			};
			name = Release;
		};
		33ACA09E271461EB00992CFE /* Debug */ = {
			isa = XCBuildConfiguration;
			buildSettings = {
				ASSETCATALOG_COMPILER_APPICON_NAME = AppIcon;
				ASSETCATALOG_COMPILER_GLOBAL_ACCENT_COLOR_NAME = AccentColor;
				CODE_SIGN_STYLE = Automatic;
				DEVELOPMENT_ASSET_PATHS = "\"Landmarks/Preview Content\"";
				DEVELOPMENT_TEAM = 3565VFE934;
				ENABLE_PREVIEWS = YES;
				INFOPLIST_FILE = Landmarks/Info.plist;
				IPHONEOS_DEPLOYMENT_TARGET = 14.0;
				LD_RUNPATH_SEARCH_PATHS = (
					"$(inherited)",
					"@executable_path/Frameworks",
				);
				PRODUCT_BUNDLE_IDENTIFIER = com.example.LandmarksArjitBose;
				PRODUCT_NAME = "$(TARGET_NAME)";
				SWIFT_VERSION = 5.0;
				TARGETED_DEVICE_FAMILY = "1,2";
			};
			name = Debug;
		};
		33ACA09F271461EB00992CFE /* Release */ = {
			isa = XCBuildConfiguration;
			buildSettings = {
				ASSETCATALOG_COMPILER_APPICON_NAME = AppIcon;
				ASSETCATALOG_COMPILER_GLOBAL_ACCENT_COLOR_NAME = AccentColor;
				CODE_SIGN_STYLE = Automatic;
				DEVELOPMENT_ASSET_PATHS = "\"Landmarks/Preview Content\"";
				DEVELOPMENT_TEAM = 3565VFE934;
				ENABLE_PREVIEWS = YES;
				INFOPLIST_FILE = Landmarks/Info.plist;
				IPHONEOS_DEPLOYMENT_TARGET = 14.0;
				LD_RUNPATH_SEARCH_PATHS = (
					"$(inherited)",
					"@executable_path/Frameworks",
				);
				PRODUCT_BUNDLE_IDENTIFIER = com.example.LandmarksArjitBose;
				PRODUCT_NAME = "$(TARGET_NAME)";
				SWIFT_VERSION = 5.0;
				TARGETED_DEVICE_FAMILY = "1,2";
			};
			name = Release;
		};
		33ACA0A1271461EB00992CFE /* Debug */ = {
			isa = XCBuildConfiguration;
			buildSettings = {
				ALWAYS_EMBED_SWIFT_STANDARD_LIBRARIES = YES;
				BUNDLE_LOADER = "$(TEST_HOST)";
				CODE_SIGN_STYLE = Automatic;
				INFOPLIST_FILE = LandmarksTests/Info.plist;
				IPHONEOS_DEPLOYMENT_TARGET = 14.0;
				LD_RUNPATH_SEARCH_PATHS = (
					"$(inherited)",
					"@executable_path/Frameworks",
					"@loader_path/Frameworks",
				);
				PRODUCT_BUNDLE_IDENTIFIER = com.example.LandmarksTests;
				PRODUCT_NAME = "$(TARGET_NAME)";
				SWIFT_VERSION = 5.0;
				TARGETED_DEVICE_FAMILY = "1,2";
				TEST_HOST = "$(BUILT_PRODUCTS_DIR)/Landmarks.app/Landmarks";
			};
			name = Debug;
		};
		33ACA0A2271461EB00992CFE /* Release */ = {
			isa = XCBuildConfiguration;
			buildSettings = {
				ALWAYS_EMBED_SWIFT_STANDARD_LIBRARIES = YES;
				BUNDLE_LOADER = "$(TEST_HOST)";
				CODE_SIGN_STYLE = Automatic;
				INFOPLIST_FILE = LandmarksTests/Info.plist;
				IPHONEOS_DEPLOYMENT_TARGET = 14.0;
				LD_RUNPATH_SEARCH_PATHS = (
					"$(inherited)",
					"@executable_path/Frameworks",
					"@loader_path/Frameworks",
				);
				PRODUCT_BUNDLE_IDENTIFIER = com.example.LandmarksTests;
				PRODUCT_NAME = "$(TARGET_NAME)";
				SWIFT_VERSION = 5.0;
				TARGETED_DEVICE_FAMILY = "1,2";
				TEST_HOST = "$(BUILT_PRODUCTS_DIR)/Landmarks.app/Landmarks";
			};
			name = Release;
		};
		33ACA0A4271461EB00992CFE /* Debug */ = {
			isa = XCBuildConfiguration;
			buildSettings = {
				ALWAYS_EMBED_SWIFT_STANDARD_LIBRARIES = YES;
				CODE_SIGN_STYLE = Automatic;
				INFOPLIST_FILE = LandmarksUITests/Info.plist;
				LD_RUNPATH_SEARCH_PATHS = (
					"$(inherited)",
					"@executable_path/Frameworks",
					"@loader_path/Frameworks",
				);
				PRODUCT_BUNDLE_IDENTIFIER = com.example.LandmarksUITests;
				PRODUCT_NAME = "$(TARGET_NAME)";
				SWIFT_VERSION = 5.0;
				TARGETED_DEVICE_FAMILY = "1,2";
				TEST_TARGET_NAME = Landmarks;
			};
			name = Debug;
		};
		33ACA0A5271461EB00992CFE /* Release */ = {
			isa = XCBuildConfiguration;
			buildSettings = {
				ALWAYS_EMBED_SWIFT_STANDARD_LIBRARIES = YES;
				CODE_SIGN_STYLE = Automatic;
				INFOPLIST_FILE = LandmarksUITests/Info.plist;
				LD_RUNPATH_SEARCH_PATHS = (
					"$(inherited)",
					"@executable_path/Frameworks",
					"@loader_path/Frameworks",
				);
				PRODUCT_BUNDLE_IDENTIFIER = com.example.LandmarksUITests;
				PRODUCT_NAME = "$(TARGET_NAME)";
				SWIFT_VERSION = 5.0;
				TARGETED_DEVICE_FAMILY = "1,2";
				TEST_TARGET_NAME = Landmarks;
			};
			name = Release;
		};
/* End XCBuildConfiguration section */

/* Begin XCConfigurationList section */
		33ACA073271461EA00992CFE /* Build configuration list for PBXProject "Landmarks" */ = {
			isa = XCConfigurationList;
			buildConfigurations = (
				33ACA09B271461EB00992CFE /* Debug */,
				33ACA09C271461EB00992CFE /* Release */,
			);
			defaultConfigurationIsVisible = 0;
			defaultConfigurationName = Release;
		};
		33ACA09D271461EB00992CFE /* Build configuration list for PBXNativeTarget "Landmarks" */ = {
			isa = XCConfigurationList;
			buildConfigurations = (
				33ACA09E271461EB00992CFE /* Debug */,
				33ACA09F271461EB00992CFE /* Release */,
			);
			defaultConfigurationIsVisible = 0;
			defaultConfigurationName = Release;
		};
		33ACA0A0271461EB00992CFE /* Build configuration list for PBXNativeTarget "LandmarksTests" */ = {
			isa = XCConfigurationList;
			buildConfigurations = (
				33ACA0A1271461EB00992CFE /* Debug */,
				33ACA0A2271461EB00992CFE /* Release */,
			);
			defaultConfigurationIsVisible = 0;
			defaultConfigurationName = Release;
		};
		33ACA0A3271461EB00992CFE /* Build configuration list for PBXNativeTarget "LandmarksUITests" */ = {
			isa = XCConfigurationList;
			buildConfigurations = (
				33ACA0A4271461EB00992CFE /* Debug */,
				33ACA0A5271461EB00992CFE /* Release */,
			);
			defaultConfigurationIsVisible = 0;
			defaultConfigurationName = Release;
		};
/* End XCConfigurationList section */
	};
	rootObject = 33ACA070271461EA00992CFE /* Project object */;
}
